{
  "name": "sip",
  "version": "0.0.4",
  "lockfileVersion": 1,
  "requires": true,
  "dependencies": {
    "coffee-script": {
      "version": "1.6.3",
      "resolved": "https://registry.npmjs.org/coffee-script/-/coffee-script-1.6.3.tgz",
      "integrity": "sha1-Y1XTLPGwTN/2tITl5xF4Ky8MOb4=",
      "dev": true
    },
    "uws": {
      "version": "8.14.1",
      "resolved": "https://registry.npmjs.org/uws/-/uws-8.14.1.tgz",
      "integrity": "sha1-3glhnzBfYXTVUWqcaULLEgkEsgs="
    }
  }
}
